// !$*UTF8*$!
{
	archiveVersion = 1;
	classes = {
	};
	objectVersion = 46;
	objects = {

/* Begin PBXBuildFile section */
		03D4D9D91CA304C400799CC9 /* AppDelegate.swift in Sources */ = {isa = PBXBuildFile; fileRef = 03D4D9D81CA304C400799CC9 /* AppDelegate.swift */; };
		03D4D9DB1CA304C400799CC9 /* ViewController.swift in Sources */ = {isa = PBXBuildFile; fileRef = 03D4D9DA1CA304C400799CC9 /* ViewController.swift */; };
		03D4D9DE1CA304C400799CC9 /* Main.storyboard in Resources */ = {isa = PBXBuildFile; fileRef = 03D4D9DC1CA304C400799CC9 /* Main.storyboard */; };
		03D4D9E01CA304C400799CC9 /* Assets.xcassets in Resources */ = {isa = PBXBuildFile; fileRef = 03D4D9DF1CA304C400799CC9 /* Assets.xcassets */; };
		03D4D9E31CA304C400799CC9 /* LaunchScreen.storyboard in Resources */ = {isa = PBXBuildFile; fileRef = 03D4D9E11CA304C400799CC9 /* LaunchScreen.storyboard */; };
/* End PBXBuildFile section */

/* Begin PBXFileReference section */
		03D4D9D51CA304C400799CC9 /* StarWarsANewApp.app */ = {isa = PBXFileReference; explicitFileType = wrapper.application; includeInIndex = 0; path = StarWarsANewApp.app; sourceTree = BUILT_PRODUCTS_DIR; };
		03D4D9D81CA304C400799CC9 /* AppDelegate.swift */ = {isa = PBXFileReference; lastKnownFileType = sourcecode.swift; path = AppDelegate.swift; sourceTree = "<group>"; };
		03D4D9DA1CA304C400799CC9 /* ViewController.swift */ = {isa = PBXFileReference; lastKnownFileType = sourcecode.swift; path = ViewController.swift; sourceTree = "<group>"; };
		03D4D9DD1CA304C400799CC9 /* Base */ = {isa = PBXFileReference; lastKnownFileType = file.storyboard; name = Base; path = Base.lproj/Main.storyboard; sourceTree = "<group>"; };
		03D4D9DF1CA304C400799CC9 /* Assets.xcassets */ = {isa = PBXFileReference; lastKnownFileType = folder.assetcatalog; path = Assets.xcassets; sourceTree = "<group>"; };
		03D4D9E21CA304C400799CC9 /* Base */ = {isa = PBXFileReference; lastKnownFileType = file.storyboard; name = Base; path = Base.lproj/LaunchScreen.storyboard; sourceTree = "<group>"; };
		03D4D9E41CA304C400799CC9 /* Info.plist */ = {isa = PBXFileReference; lastKnownFileType = text.plist.xml; path = Info.plist; sourceTree = "<group>"; };
/* End PBXFileReference section */

/* Begin PBXFrameworksBuildPhase section */
		03D4D9D21CA304C400799CC9 /* Frameworks */ = {
			isa = PBXFrameworksBuildPhase;
			buildActionMask = 2147483647;
			files = (
			);
			runOnlyForDeploymentPostprocessing = 0;
		};
/* End PBXFrameworksBuildPhase section */

/* Begin PBXGroup section */
		03D4D9CC1CA304C400799CC9 = {
			isa = PBXGroup;
			children = (
				03D4D9D71CA304C400799CC9 /* StarWarsANewApp */,
				03D4D9D61CA304C400799CC9 /* Products */,
			);
			sourceTree = "<group>";
		};
		03D4D9D61CA304C400799CC9 /* Products */ = {
			isa = PBXGroup;
			children = (
				03D4D9D51CA304C400799CC9 /* StarWarsANewApp.app */,
			);
			name = Products;
			sourceTree = "<group>";
		};
		03D4D9D71CA304C400799CC9 /* StarWarsANewApp */ = {
			isa = PBXGroup;
			children = (
				03D4D9D81CA304C400799CC9 /* AppDelegate.swift */,
				03D4D9DA1CA304C400799CC9 /* ViewController.swift */,
				03D4D9DC1CA304C400799CC9 /* Main.storyboard */,
				03D4D9DF1CA304C400799CC9 /* Assets.xcassets */,
				03D4D9E11CA304C400799CC9 /* LaunchScreen.storyboard */,
				03D4D9E41CA304C400799CC9 /* Info.plist */,
			);
			path = StarWarsANewApp;
			sourceTree = "<group>";
		};
/* End PBXGroup section */

/* Begin PBXNativeTarget section */
		03D4D9D41CA304C400799CC9 /* StarWarsANewApp */ = {
			isa = PBXNativeTarget;
			buildConfigurationList = 03D4D9E71CA304C400799CC9 /* Build configuration list for PBXNativeTarget "StarWarsANewApp" */;
			buildPhases = (
				03D4D9D11CA304C400799CC9 /* Sources */,
				03D4D9D21CA304C400799CC9 /* Frameworks */,
				03D4D9D31CA304C400799CC9 /* Resources */,
			);
			buildRules = (
			);
			dependencies = (
			);
			name = StarWarsANewApp;
			productName = StarWarsANewApp;
			productReference = 03D4D9D51CA304C400799CC9 /* StarWarsANewApp.app */;
			productType = "com.apple.product-type.application";
		};
/* End PBXNativeTarget section */

/* Begin PBXProject section */
		03D4D9CD1CA304C400799CC9 /* Project object */ = {
			isa = PBXProject;
			attributes = {
				LastSwiftUpdateCheck = 0720;
				LastUpgradeCheck = 0720;
				ORGANIZATIONNAME = RokkinCat;
				TargetAttributes = {
					03D4D9D41CA304C400799CC9 = {
						CreatedOnToolsVersion = 7.2.1;
					};
				};
			};
			buildConfigurationList = 03D4D9D01CA304C400799CC9 /* Build configuration list for PBXProject "StarWarsANewApp" */;
			compatibilityVersion = "Xcode 3.2";
			developmentRegion = English;
			hasScannedForEncodings = 0;
			knownRegions = (
				en,
				Base,
			);
			mainGroup = 03D4D9CC1CA304C400799CC9;
			productRefGroup = 03D4D9D61CA304C400799CC9 /* Products */;
			projectDirPath = "";
			projectRoot = "";
			targets = (
				03D4D9D41CA304C400799CC9 /* StarWarsANewApp */,
			);
		};
/* End PBXProject section */

/* Begin PBXResourcesBuildPhase section */
		03D4D9D31CA304C400799CC9 /* Resources */ = {
			isa = PBXResourcesBuildPhase;
			buildActionMask = 2147483647;
			files = (
				03D4D9E31CA304C400799CC9 /* LaunchScreen.storyboard in Resources */,
				03D4D9E01CA304C400799CC9 /* Assets.xcassets in Resources */,
				03D4D9DE1CA304C400799CC9 /* Main.storyboard in Resources */,
			);
			runOnlyForDeploymentPostprocessing = 0;
		};
/* End PBXResourcesBuildPhase section */

/* Begin PBXSourcesBuildPhase section */
		03D4D9D11CA304C400799CC9 /* Sources */ = {
			isa = PBXSourcesBuildPhase;
			buildActionMask = 2147483647;
			files = (
				03D4D9DB1CA304C400799CC9 /* ViewController.swift in Sources */,
				03D4D9D91CA304C400799CC9 /* AppDelegate.swift in Sources */,
			);
			runOnlyForDeploymentPostprocessing = 0;
		};
/* End PBXSourcesBuildPhase section */

/* Begin PBXVariantGroup section */
		03D4D9DC1CA304C400799CC9 /* Main.storyboard */ = {
			isa = PBXVariantGroup;
			children = (
				03D4D9DD1CA304C400799CC9 /* Base */,
			);
			name = Main.storyboard;
			sourceTree = "<group>";
		};
		03D4D9E11CA304C400799CC9 /* LaunchScreen.storyboard */ = {
			isa = PBXVariantGroup;
			children = (
				03D4D9E21CA304C400799CC9 /* Base */,
			);
			name = LaunchScreen.storyboard;
			sourceTree = "<group>";
		};
/* End PBXVariantGroup section */

/* Begin XCBuildConfiguration section */
		03D4D9E51CA304C400799CC9 /* Debug */ = {
			isa = XCBuildConfiguration;
			buildSettings = {
				ALWAYS_SEARCH_USER_PATHS = NO;
				CLANG_CXX_LANGUAGE_STANDARD = "gnu++0x";
				CLANG_CXX_LIBRARY = "libc++";
				CLANG_ENABLE_MODULES = YES;
				CLANG_ENABLE_OBJC_ARC = YES;
				CLANG_WARN_BOOL_CONVERSION = YES;
				CLANG_WARN_CONSTANT_CONVERSION = YES;
				CLANG_WARN_DIRECT_OBJC_ISA_USAGE = YES_ERROR;
				CLANG_WARN_EMPTY_BODY = YES;
				CLANG_WARN_ENUM_CONVERSION = YES;
				CLANG_WARN_INT_CONVERSION = YES;
				CLANG_WARN_OBJC_ROOT_CLASS = YES_ERROR;
				CLANG_WARN_UNREACHABLE_CODE = YES;
				CLANG_WARN__DUPLICATE_METHOD_MATCH = YES;
				"CODE_SIGN_IDENTITY[sdk=iphoneos*]" = "iPhone Developer";
				COPY_PHASE_STRIP = NO;
				DEBUG_INFORMATION_FORMAT = dwarf;
				ENABLE_STRICT_OBJC_MSGSEND = YES;
				ENABLE_TESTABILITY = YES;
				GCC_C_LANGUAGE_STANDARD = gnu99;
				GCC_DYNAMIC_NO_PIC = NO;
				GCC_NO_COMMON_BLOCKS = YES;
				GCC_OPTIMIZATION_LEVEL = 0;
				GCC_PREPROCESSOR_DEFINITIONS = (
					"DEBUG=1",
					"$(inherited)",
				);
				GCC_WARN_64_TO_32_BIT_CONVERSION = YES;
				GCC_WARN_ABOUT_RETURN_TYPE = YES_ERROR;
				GCC_WARN_UNDECLARED_SELECTOR = YES;
				GCC_WARN_UNINITIALIZED_AUTOS = YES_AGGRESSIVE;
				GCC_WARN_UNUSED_FUNCTION = YES;
				GCC_WARN_UNUSED_VARIABLE = YES;
				IPHONEOS_DEPLOYMENT_TARGET = 9.2;
				MTL_ENABLE_DEBUG_INFO = YES;
				ONLY_ACTIVE_ARCH = YES;
				SDKROOT = iphoneos;
				SWIFT_OPTIMIZATION_LEVEL = "-Onone";
				TARGETED_DEVICE_FAMILY = "1,2";
			};
			name = Debug;
		};
		03D4D9E61CA304C400799CC9 /* Release */ = {
			isa = XCBuildConfiguration;
			buildSettings = {
				ALWAYS_SEARCH_USER_PATHS = NO;
				CLANG_CXX_LANGUAGE_STANDARD = "gnu++0x";
				CLANG_CXX_LIBRARY = "libc++";
				CLANG_ENABLE_MODULES = YES;
				CLANG_ENABLE_OBJC_ARC = YES;
				CLANG_WARN_BOOL_CONVERSION = YES;
				CLANG_WARN_CONSTANT_CONVERSION = YES;
				CLANG_WARN_DIRECT_OBJC_ISA_USAGE = YES_ERROR;
				CLANG_WARN_EMPTY_BODY = YES;
				CLANG_WARN_ENUM_CONVERSION = YES;
				CLANG_WARN_INT_CONVERSION = YES;
				CLANG_WARN_OBJC_ROOT_CLASS = YES_ERROR;
				CLANG_WARN_UNREACHABLE_CODE = YES;
				CLANG_WARN__DUPLICATE_METHOD_MATCH = YES;
				"CODE_SIGN_IDENTITY[sdk=iphoneos*]" = "iPhone Developer";
				COPY_PHASE_STRIP = NO;
				DEBUG_INFORMATION_FORMAT = "dwarf-with-dsym";
				ENABLE_NS_ASSERTIONS = NO;
				ENABLE_STRICT_OBJC_MSGSEND = YES;
				GCC_C_LANGUAGE_STANDARD = gnu99;
				GCC_NO_COMMON_BLOCKS = YES;
				GCC_WARN_64_TO_32_BIT_CONVERSION = YES;
				GCC_WARN_ABOUT_RETURN_TYPE = YES_ERROR;
				GCC_WARN_UNDECLARED_SELECTOR = YES;
				GCC_WARN_UNINITIALIZED_AUTOS = YES_AGGRESSIVE;
				GCC_WARN_UNUSED_FUNCTION = YES;
				GCC_WARN_UNUSED_VARIABLE = YES;
				IPHONEOS_DEPLOYMENT_TARGET = 9.2;
				MTL_ENABLE_DEBUG_INFO = NO;
				SDKROOT = iphoneos;
				TARGETED_DEVICE_FAMILY = "1,2";
				VALIDATE_PRODUCT = YES;
			};
			name = Release;
		};
		03D4D9E81CA304C400799CC9 /* Debug */ = {
			isa = XCBuildConfiguration;
			buildSettings = {
				ASSETCATALOG_COMPILER_APPICON_NAME = AppIcon;
				INFOPLIST_FILE = StarWarsANewApp/Info.plist;
				LD_RUNPATH_SEARCH_PATHS = "$(inherited) @executable_path/Frameworks";
				PRODUCT_BUNDLE_IDENTIFIER = com.rokkincat.StarWarsANewApp;
				PRODUCT_NAME = "$(TARGET_NAME)";
			};
			name = Debug;
		};
		03D4D9E91CA304C400799CC9 /* Release */ = {
			isa = XCBuildConfiguration;
			buildSettings = {
				ASSETCATALOG_COMPILER_APPICON_NAME = AppIcon;
				INFOPLIST_FILE = StarWarsANewApp/Info.plist;
				LD_RUNPATH_SEARCH_PATHS = "$(inherited) @executable_path/Frameworks";
				PRODUCT_BUNDLE_IDENTIFIER = com.rokkincat.StarWarsANewApp;
				PRODUCT_NAME = "$(TARGET_NAME)";
			};
			name = Release;
		};
/* End XCBuildConfiguration section */

/* Begin XCConfigurationList section */
		03D4D9D01CA304C400799CC9 /* Build configuration list for PBXProject "StarWarsANewApp" */ = {
			isa = XCConfigurationList;
			buildConfigurations = (
				03D4D9E51CA304C400799CC9 /* Debug */,
				03D4D9E61CA304C400799CC9 /* Release */,
			);
			defaultConfigurationIsVisible = 0;
			defaultConfigurationName = Release;
		};
		03D4D9E71CA304C400799CC9 /* Build configuration list for PBXNativeTarget "StarWarsANewApp" */ = {
			isa = XCConfigurationList;
			buildConfigurations = (
				03D4D9E81CA304C400799CC9 /* Debug */,
				03D4D9E91CA304C400799CC9 /* Release */,
			);
			defaultConfigurationIsVisible = 0;
		};
/* End XCConfigurationList section */
	};
	rootObject = 03D4D9CD1CA304C400799CC9 /* Project object */;
}
